// !$*UTF8*$!
{
	archiveVersion = 1;
	classes = {
	};
	objectVersion = 56;
	objects = {

/* Begin PBXBuildFile section */
		370ADB1E29433A7700EBD721 /* TestForGitApp.swift in Sources */ = {isa = PBXBuildFile; fileRef = 370ADB1D29433A7700EBD721 /* TestForGitApp.swift */; };
		370ADB2029433A7700EBD721 /* ContentView.swift in Sources */ = {isa = PBXBuildFile; fileRef = 370ADB1F29433A7700EBD721 /* ContentView.swift */; };
		370ADB2229433A7900EBD721 /* Assets.xcassets in Resources */ = {isa = PBXBuildFile; fileRef = 370ADB2129433A7900EBD721 /* Assets.xcassets */; };
		370ADB2529433A7900EBD721 /* Preview Assets.xcassets in Resources */ = {isa = PBXBuildFile; fileRef = 370ADB2429433A7900EBD721 /* Preview Assets.xcassets */; };
		370ADB2F29433A7900EBD721 /* TestForGitTests.swift in Sources */ = {isa = PBXBuildFile; fileRef = 370ADB2E29433A7900EBD721 /* TestForGitTests.swift */; };
		370ADB3929433A7900EBD721 /* TestForGitUITests.swift in Sources */ = {isa = PBXBuildFile; fileRef = 370ADB3829433A7900EBD721 /* TestForGitUITests.swift */; };
		370ADB3B29433A7900EBD721 /* TestForGitUITestsLaunchTests.swift in Sources */ = {isa = PBXBuildFile; fileRef = 370ADB3A29433A7900EBD721 /* TestForGitUITestsLaunchTests.swift */; };
/* End PBXBuildFile section */

/* Begin PBXContainerItemProxy section */
		370ADB2B29433A7900EBD721 /* PBXContainerItemProxy */ = {
			isa = PBXContainerItemProxy;
			containerPortal = 370ADB1229433A7700EBD721 /* Project object */;
			proxyType = 1;
			remoteGlobalIDString = 370ADB1929433A7700EBD721;
			remoteInfo = TestForGit;
		};
		370ADB3529433A7900EBD721 /* PBXContainerItemProxy */ = {
			isa = PBXContainerItemProxy;
			containerPortal = 370ADB1229433A7700EBD721 /* Project object */;
			proxyType = 1;
			remoteGlobalIDString = 370ADB1929433A7700EBD721;
			remoteInfo = TestForGit;
		};
/* End PBXContainerItemProxy section */

/* Begin PBXFileReference section */
		370ADB1A29433A7700EBD721 /* TestForGit.app */ = {isa = PBXFileReference; explicitFileType = wrapper.application; includeInIndex = 0; path = TestForGit.app; sourceTree = BUILT_PRODUCTS_DIR; };
		370ADB1D29433A7700EBD721 /* TestForGitApp.swift */ = {isa = PBXFileReference; lastKnownFileType = sourcecode.swift; path = TestForGitApp.swift; sourceTree = "<group>"; };
		370ADB1F29433A7700EBD721 /* ContentView.swift */ = {isa = PBXFileReference; lastKnownFileType = sourcecode.swift; path = ContentView.swift; sourceTree = "<group>"; };
		370ADB2129433A7900EBD721 /* Assets.xcassets */ = {isa = PBXFileReference; lastKnownFileType = folder.assetcatalog; path = Assets.xcassets; sourceTree = "<group>"; };
		370ADB2429433A7900EBD721 /* Preview Assets.xcassets */ = {isa = PBXFileReference; lastKnownFileType = folder.assetcatalog; path = "Preview Assets.xcassets"; sourceTree = "<group>"; };
		370ADB2A29433A7900EBD721 /* TestForGitTests.xctest */ = {isa = PBXFileReference; explicitFileType = wrapper.cfbundle; includeInIndex = 0; path = TestForGitTests.xctest; sourceTree = BUILT_PRODUCTS_DIR; };
		370ADB2E29433A7900EBD721 /* TestForGitTests.swift */ = {isa = PBXFileReference; lastKnownFileType = sourcecode.swift; path = TestForGitTests.swift; sourceTree = "<group>"; };
		370ADB3429433A7900EBD721 /* TestForGitUITests.xctest */ = {isa = PBXFileReference; explicitFileType = wrapper.cfbundle; includeInIndex = 0; path = TestForGitUITests.xctest; sourceTree = BUILT_PRODUCTS_DIR; };
		370ADB3829433A7900EBD721 /* TestForGitUITests.swift */ = {isa = PBXFileReference; lastKnownFileType = sourcecode.swift; path = TestForGitUITests.swift; sourceTree = "<group>"; };
		370ADB3A29433A7900EBD721 /* TestForGitUITestsLaunchTests.swift */ = {isa = PBXFileReference; lastKnownFileType = sourcecode.swift; path = TestForGitUITestsLaunchTests.swift; sourceTree = "<group>"; };
/* End PBXFileReference section */

/* Begin PBXFrameworksBuildPhase section */
		370ADB1729433A7700EBD721 /* Frameworks */ = {
			isa = PBXFrameworksBuildPhase;
			buildActionMask = 2147483647;
			files = (
			);
			runOnlyForDeploymentPostprocessing = 0;
		};
		370ADB2729433A7900EBD721 /* Frameworks */ = {
			isa = PBXFrameworksBuildPhase;
			buildActionMask = 2147483647;
			files = (
			);
			runOnlyForDeploymentPostprocessing = 0;
		};
		370ADB3129433A7900EBD721 /* Frameworks */ = {
			isa = PBXFrameworksBuildPhase;
			buildActionMask = 2147483647;
			files = (
			);
			runOnlyForDeploymentPostprocessing = 0;
		};
/* End PBXFrameworksBuildPhase section */

/* Begin PBXGroup section */
		370ADB1129433A7700EBD721 = {
			isa = PBXGroup;
			children = (
				370ADB1C29433A7700EBD721 /* TestForGit */,
				370ADB2D29433A7900EBD721 /* TestForGitTests */,
				370ADB3729433A7900EBD721 /* TestForGitUITests */,
				370ADB1B29433A7700EBD721 /* Products */,
			);
			sourceTree = "<group>";
		};
		370ADB1B29433A7700EBD721 /* Products */ = {
			isa = PBXGroup;
			children = (
				370ADB1A29433A7700EBD721 /* TestForGit.app */,
				370ADB2A29433A7900EBD721 /* TestForGitTests.xctest */,
				370ADB3429433A7900EBD721 /* TestForGitUITests.xctest */,
			);
			name = Products;
			sourceTree = "<group>";
		};
		370ADB1C29433A7700EBD721 /* TestForGit */ = {
			isa = PBXGroup;
			children = (
				370ADB1D29433A7700EBD721 /* TestForGitApp.swift */,
				370ADB1F29433A7700EBD721 /* ContentView.swift */,
				370ADB2129433A7900EBD721 /* Assets.xcassets */,
				370ADB2329433A7900EBD721 /* Preview Content */,
			);
			path = TestForGit;
			sourceTree = "<group>";
		};
		370ADB2329433A7900EBD721 /* Preview Content */ = {
			isa = PBXGroup;
			children = (
				370ADB2429433A7900EBD721 /* Preview Assets.xcassets */,
			);
			path = "Preview Content";
			sourceTree = "<group>";
		};
		370ADB2D29433A7900EBD721 /* TestForGitTests */ = {
			isa = PBXGroup;
			children = (
				370ADB2E29433A7900EBD721 /* TestForGitTests.swift */,
			);
			path = TestForGitTests;
			sourceTree = "<group>";
		};
		370ADB3729433A7900EBD721 /* TestForGitUITests */ = {
			isa = PBXGroup;
			children = (
				370ADB3829433A7900EBD721 /* TestForGitUITests.swift */,
				370ADB3A29433A7900EBD721 /* TestForGitUITestsLaunchTests.swift */,
			);
			path = TestForGitUITests;
			sourceTree = "<group>";
		};
/* End PBXGroup section */

/* Begin PBXNativeTarget section */
		370ADB1929433A7700EBD721 /* TestForGit */ = {
			isa = PBXNativeTarget;
			buildConfigurationList = 370ADB3E29433A7900EBD721 /* Build configuration list for PBXNativeTarget "TestForGit" */;
			buildPhases = (
				370ADB1629433A7700EBD721 /* Sources */,
				370ADB1729433A7700EBD721 /* Frameworks */,
				370ADB1829433A7700EBD721 /* Resources */,
			);
			buildRules = (
			);
			dependencies = (
			);
			name = TestForGit;
			productName = TestForGit;
			productReference = 370ADB1A29433A7700EBD721 /* TestForGit.app */;
			productType = "com.apple.product-type.application";
		};
		370ADB2929433A7900EBD721 /* TestForGitTests */ = {
			isa = PBXNativeTarget;
			buildConfigurationList = 370ADB4129433A7900EBD721 /* Build configuration list for PBXNativeTarget "TestForGitTests" */;
			buildPhases = (
				370ADB2629433A7900EBD721 /* Sources */,
				370ADB2729433A7900EBD721 /* Frameworks */,
				370ADB2829433A7900EBD721 /* Resources */,
			);
			buildRules = (
			);
			dependencies = (
				370ADB2C29433A7900EBD721 /* PBXTargetDependency */,
			);
			name = TestForGitTests;
			productName = TestForGitTests;
			productReference = 370ADB2A29433A7900EBD721 /* TestForGitTests.xctest */;
			productType = "com.apple.product-type.bundle.unit-test";
		};
		370ADB3329433A7900EBD721 /* TestForGitUITests */ = {
			isa = PBXNativeTarget;
			buildConfigurationList = 370ADB4429433A7900EBD721 /* Build configuration list for PBXNativeTarget "TestForGitUITests" */;
			buildPhases = (
				370ADB3029433A7900EBD721 /* Sources */,
				370ADB3129433A7900EBD721 /* Frameworks */,
				370ADB3229433A7900EBD721 /* Resources */,
			);
			buildRules = (
			);
			dependencies = (
				370ADB3629433A7900EBD721 /* PBXTargetDependency */,
			);
			name = TestForGitUITests;
			productName = TestForGitUITests;
			productReference = 370ADB3429433A7900EBD721 /* TestForGitUITests.xctest */;
			productType = "com.apple.product-type.bundle.ui-testing";
		};
/* End PBXNativeTarget section */

/* Begin PBXProject section */
		370ADB1229433A7700EBD721 /* Project object */ = {
			isa = PBXProject;
			attributes = {
				BuildIndependentTargetsInParallel = 1;
				LastSwiftUpdateCheck = 1410;
				LastUpgradeCheck = 1410;
				TargetAttributes = {
					370ADB1929433A7700EBD721 = {
						CreatedOnToolsVersion = 14.1;
					};
					370ADB2929433A7900EBD721 = {
						CreatedOnToolsVersion = 14.1;
						TestTargetID = 370ADB1929433A7700EBD721;
					};
					370ADB3329433A7900EBD721 = {
						CreatedOnToolsVersion = 14.1;
						TestTargetID = 370ADB1929433A7700EBD721;
					};
				};
			};
			buildConfigurationList = 370ADB1529433A7700EBD721 /* Build configuration list for PBXProject "TestForGit" */;
			compatibilityVersion = "Xcode 14.0";
			developmentRegion = en;
			hasScannedForEncodings = 0;
			knownRegions = (
				en,
				Base,
			);
			mainGroup = 370ADB1129433A7700EBD721;
			productRefGroup = 370ADB1B29433A7700EBD721 /* Products */;
			projectDirPath = "";
			projectRoot = "";
			targets = (
				370ADB1929433A7700EBD721 /* TestForGit */,
				370ADB2929433A7900EBD721 /* TestForGitTests */,
				370ADB3329433A7900EBD721 /* TestForGitUITests */,
			);
		};
/* End PBXProject section */

/* Begin PBXResourcesBuildPhase section */
		370ADB1829433A7700EBD721 /* Resources */ = {
			isa = PBXResourcesBuildPhase;
			buildActionMask = 2147483647;
			files = (
				370ADB2529433A7900EBD721 /* Preview Assets.xcassets in Resources */,
				370ADB2229433A7900EBD721 /* Assets.xcassets in Resources */,
			);
			runOnlyForDeploymentPostprocessing = 0;
		};
		370ADB2829433A7900EBD721 /* Resources */ = {
			isa = PBXResourcesBuildPhase;
			buildActionMask = 2147483647;
			files = (
			);
			runOnlyForDeploymentPostprocessing = 0;
		};
		370ADB3229433A7900EBD721 /* Resources */ = {
			isa = PBXResourcesBuildPhase;
			buildActionMask = 2147483647;
			files = (
			);
			runOnlyForDeploymentPostprocessing = 0;
		};
/* End PBXResourcesBuildPhase section */

/* Begin PBXSourcesBuildPhase section */
		370ADB1629433A7700EBD721 /* Sources */ = {
			isa = PBXSourcesBuildPhase;
			buildActionMask = 2147483647;
			files = (
				370ADB2029433A7700EBD721 /* ContentView.swift in Sources */,
				370ADB1E29433A7700EBD721 /* TestForGitApp.swift in Sources */,
			);
			runOnlyForDeploymentPostprocessing = 0;
		};
		370ADB2629433A7900EBD721 /* Sources */ = {
			isa = PBXSourcesBuildPhase;
			buildActionMask = 2147483647;
			files = (
				370ADB2F29433A7900EBD721 /* TestForGitTests.swift in Sources */,
			);
			runOnlyForDeploymentPostprocessing = 0;
		};
		370ADB3029433A7900EBD721 /* Sources */ = {
			isa = PBXSourcesBuildPhase;
			buildActionMask = 2147483647;
			files = (
				370ADB3929433A7900EBD721 /* TestForGitUITests.swift in Sources */,
				370ADB3B29433A7900EBD721 /* TestForGitUITestsLaunchTests.swift in Sources */,
			);
			runOnlyForDeploymentPostprocessing = 0;
		};
/* End PBXSourcesBuildPhase section */

/* Begin PBXTargetDependency section */
		370ADB2C29433A7900EBD721 /* PBXTargetDependency */ = {
			isa = PBXTargetDependency;
			target = 370ADB1929433A7700EBD721 /* TestForGit */;
			targetProxy = 370ADB2B29433A7900EBD721 /* PBXContainerItemProxy */;
		};
		370ADB3629433A7900EBD721 /* PBXTargetDependency */ = {
			isa = PBXTargetDependency;
			target = 370ADB1929433A7700EBD721 /* TestForGit */;
			targetProxy = 370ADB3529433A7900EBD721 /* PBXContainerItemProxy */;
		};
/* End PBXTargetDependency section */

/* Begin XCBuildConfiguration section */
		370ADB3C29433A7900EBD721 /* Debug */ = {
			isa = XCBuildConfiguration;
			buildSettings = {
				ALWAYS_SEARCH_USER_PATHS = NO;
				CLANG_ANALYZER_NONNULL = YES;
				CLANG_ANALYZER_NUMBER_OBJECT_CONVERSION = YES_AGGRESSIVE;
				CLANG_CXX_LANGUAGE_STANDARD = "gnu++20";
				CLANG_ENABLE_MODULES = YES;
				CLANG_ENABLE_OBJC_ARC = YES;
				CLANG_ENABLE_OBJC_WEAK = YES;
				CLANG_WARN_BLOCK_CAPTURE_AUTORELEASING = YES;
				CLANG_WARN_BOOL_CONVERSION = YES;
				CLANG_WARN_COMMA = YES;
				CLANG_WARN_CONSTANT_CONVERSION = YES;
				CLANG_WARN_DEPRECATED_OBJC_IMPLEMENTATIONS = YES;
				CLANG_WARN_DIRECT_OBJC_ISA_USAGE = YES_ERROR;
				CLANG_WARN_DOCUMENTATION_COMMENTS = YES;
				CLANG_WARN_EMPTY_BODY = YES;
				CLANG_WARN_ENUM_CONVERSION = YES;
				CLANG_WARN_INFINITE_RECURSION = YES;
				CLANG_WARN_INT_CONVERSION = YES;
				CLANG_WARN_NON_LITERAL_NULL_CONVERSION = YES;
				CLANG_WARN_OBJC_IMPLICIT_RETAIN_SELF = YES;
				CLANG_WARN_OBJC_LITERAL_CONVERSION = YES;
				CLANG_WARN_OBJC_ROOT_CLASS = YES_ERROR;
				CLANG_WARN_QUOTED_INCLUDE_IN_FRAMEWORK_HEADER = YES;
				CLANG_WARN_RANGE_LOOP_ANALYSIS = YES;
				CLANG_WARN_STRICT_PROTOTYPES = YES;
				CLANG_WARN_SUSPICIOUS_MOVE = YES;
				CLANG_WARN_UNGUARDED_AVAILABILITY = YES_AGGRESSIVE;
				CLANG_WARN_UNREACHABLE_CODE = YES;
				CLANG_WARN__DUPLICATE_METHOD_MATCH = YES;
				COPY_PHASE_STRIP = NO;
				DEBUG_INFORMATION_FORMAT = dwarf;
				ENABLE_STRICT_OBJC_MSGSEND = YES;
				ENABLE_TESTABILITY = YES;
				GCC_C_LANGUAGE_STANDARD = gnu11;
				GCC_DYNAMIC_NO_PIC = NO;
				GCC_NO_COMMON_BLOCKS = YES;
				GCC_OPTIMIZATION_LEVEL = 0;
				GCC_PREPROCESSOR_DEFINITIONS = (
					"DEBUG=1",
					"$(inherited)",
				);
				GCC_WARN_64_TO_32_BIT_CONVERSION = YES;
				GCC_WARN_ABOUT_RETURN_TYPE = YES_ERROR;
				GCC_WARN_UNDECLARED_SELECTOR = YES;
				GCC_WARN_UNINITIALIZED_AUTOS = YES_AGGRESSIVE;
				GCC_WARN_UNUSED_FUNCTION = YES;
				GCC_WARN_UNUSED_VARIABLE = YES;
				IPHONEOS_DEPLOYMENT_TARGET = 16.1;
				MTL_ENABLE_DEBUG_INFO = INCLUDE_SOURCE;
				MTL_FAST_MATH = YES;
				ONLY_ACTIVE_ARCH = YES;
				SDKROOT = iphoneos;
				SWIFT_ACTIVE_COMPILATION_CONDITIONS = DEBUG;
				SWIFT_OPTIMIZATION_LEVEL = "-Onone";
			};
			name = Debug;
		};
		370ADB3D29433A7900EBD721 /* Release */ = {
			isa = XCBuildConfiguration;
			buildSettings = {
				ALWAYS_SEARCH_USER_PATHS = NO;
				CLANG_ANALYZER_NONNULL = YES;
				CLANG_ANALYZER_NUMBER_OBJECT_CONVERSION = YES_AGGRESSIVE;
				CLANG_CXX_LANGUAGE_STANDARD = "gnu++20";
				CLANG_ENABLE_MODULES = YES;
				CLANG_ENABLE_OBJC_ARC = YES;
				CLANG_ENABLE_OBJC_WEAK = YES;
				CLANG_WARN_BLOCK_CAPTURE_AUTORELEASING = YES;
				CLANG_WARN_BOOL_CONVERSION = YES;
				CLANG_WARN_COMMA = YES;
				CLANG_WARN_CONSTANT_CONVERSION = YES;
				CLANG_WARN_DEPRECATED_OBJC_IMPLEMENTATIONS = YES;
				CLANG_WARN_DIRECT_OBJC_ISA_USAGE = YES_ERROR;
				CLANG_WARN_DOCUMENTATION_COMMENTS = YES;
				CLANG_WARN_EMPTY_BODY = YES;
				CLANG_WARN_ENUM_CONVERSION = YES;
				CLANG_WARN_INFINITE_RECURSION = YES;
				CLANG_WARN_INT_CONVERSION = YES;
				CLANG_WARN_NON_LITERAL_NULL_CONVERSION = YES;
				CLANG_WARN_OBJC_IMPLICIT_RETAIN_SELF = YES;
				CLANG_WARN_OBJC_LITERAL_CONVERSION = YES;
				CLANG_WARN_OBJC_ROOT_CLASS = YES_ERROR;
				CLANG_WARN_QUOTED_INCLUDE_IN_FRAMEWORK_HEADER = YES;
				CLANG_WARN_RANGE_LOOP_ANALYSIS = YES;
				CLANG_WARN_STRICT_PROTOTYPES = YES;
				CLANG_WARN_SUSPICIOUS_MOVE = YES;
				CLANG_WARN_UNGUARDED_AVAILABILITY = YES_AGGRESSIVE;
				CLANG_WARN_UNREACHABLE_CODE = YES;
				CLANG_WARN__DUPLICATE_METHOD_MATCH = YES;
				COPY_PHASE_STRIP = NO;
				DEBUG_INFORMATION_FORMAT = "dwarf-with-dsym";
				ENABLE_NS_ASSERTIONS = NO;
				ENABLE_STRICT_OBJC_MSGSEND = YES;
				GCC_C_LANGUAGE_STANDARD = gnu11;
				GCC_NO_COMMON_BLOCKS = YES;
				GCC_WARN_64_TO_32_BIT_CONVERSION = YES;
				GCC_WARN_ABOUT_RETURN_TYPE = YES_ERROR;
				GCC_WARN_UNDECLARED_SELECTOR = YES;
				GCC_WARN_UNINITIALIZED_AUTOS = YES_AGGRESSIVE;
				GCC_WARN_UNUSED_FUNCTION = YES;
				GCC_WARN_UNUSED_VARIABLE = YES;
				IPHONEOS_DEPLOYMENT_TARGET = 16.1;
				MTL_ENABLE_DEBUG_INFO = NO;
				MTL_FAST_MATH = YES;
				SDKROOT = iphoneos;
				SWIFT_COMPILATION_MODE = wholemodule;
				SWIFT_OPTIMIZATION_LEVEL = "-O";
				VALIDATE_PRODUCT = YES;
			};
			name = Release;
		};
		370ADB3F29433A7900EBD721 /* Debug */ = {
			isa = XCBuildConfiguration;
			buildSettings = {
				ASSETCATALOG_COMPILER_APPICON_NAME = AppIcon;
				ASSETCATALOG_COMPILER_GLOBAL_ACCENT_COLOR_NAME = AccentColor;
				CODE_SIGN_STYLE = Automatic;
				CURRENT_PROJECT_VERSION = 1;
				DEVELOPMENT_ASSET_PATHS = "\"TestForGit/Preview Content\"";
				DEVELOPMENT_TEAM = MXX3777WL6;
				ENABLE_PREVIEWS = YES;
				GENERATE_INFOPLIST_FILE = YES;
				INFOPLIST_KEY_UIApplicationSceneManifest_Generation = YES;
				INFOPLIST_KEY_UIApplicationSupportsIndirectInputEvents = YES;
				INFOPLIST_KEY_UILaunchScreen_Generation = YES;
				INFOPLIST_KEY_UISupportedInterfaceOrientations_iPad = "UIInterfaceOrientationPortrait UIInterfaceOrientationPortraitUpsideDown UIInterfaceOrientationLandscapeLeft UIInterfaceOrientationLandscapeRight";
				INFOPLIST_KEY_UISupportedInterfaceOrientations_iPhone = "UIInterfaceOrientationPortrait UIInterfaceOrientationLandscapeLeft UIInterfaceOrientationLandscapeRight";
				LD_RUNPATH_SEARCH_PATHS = (
					"$(inherited)",
					"@executable_path/Frameworks",
				);
				MARKETING_VERSION = 1.0;
				PRODUCT_BUNDLE_IDENTIFIER = txxxr.TestForGit;
				PRODUCT_NAME = "$(TARGET_NAME)";
				SWIFT_EMIT_LOC_STRINGS = YES;
				SWIFT_VERSION = 5.0;
				TARGETED_DEVICE_FAMILY = "1,2";
			};
			name = Debug;
		};
		370ADB4029433A7900EBD721 /* Release */ = {
			isa = XCBuildConfiguration;
			buildSettings = {
				ASSETCATALOG_COMPILER_APPICON_NAME = AppIcon;
				ASSETCATALOG_COMPILER_GLOBAL_ACCENT_COLOR_NAME = AccentColor;
				CODE_SIGN_STYLE = Automatic;
				CURRENT_PROJECT_VERSION = 1;
				DEVELOPMENT_ASSET_PATHS = "\"TestForGit/Preview Content\"";
				DEVELOPMENT_TEAM = MXX3777WL6;
				ENABLE_PREVIEWS = YES;
				GENERATE_INFOPLIST_FILE = YES;
				INFOPLIST_KEY_UIApplicationSceneManifest_Generation = YES;
				INFOPLIST_KEY_UIApplicationSupportsIndirectInputEvents = YES;
				INFOPLIST_KEY_UILaunchScreen_Generation = YES;
				INFOPLIST_KEY_UISupportedInterfaceOrientations_iPad = "UIInterfaceOrientationPortrait UIInterfaceOrientationPortraitUpsideDown UIInterfaceOrientationLandscapeLeft UIInterfaceOrientationLandscapeRight";
				INFOPLIST_KEY_UISupportedInterfaceOrientations_iPhone = "UIInterfaceOrientationPortrait UIInterfaceOrientationLandscapeLeft UIInterfaceOrientationLandscapeRight";
				LD_RUNPATH_SEARCH_PATHS = (
					"$(inherited)",
					"@executable_path/Frameworks",
				);
				MARKETING_VERSION = 1.0;
				PRODUCT_BUNDLE_IDENTIFIER = txxxr.TestForGit;
				PRODUCT_NAME = "$(TARGET_NAME)";
				SWIFT_EMIT_LOC_STRINGS = YES;
				SWIFT_VERSION = 5.0;
				TARGETED_DEVICE_FAMILY = "1,2";
			};
			name = Release;
		};
		370ADB4229433A7900EBD721 /* Debug */ = {
			isa = XCBuildConfiguration;
			buildSettings = {
				ALWAYS_EMBED_SWIFT_STANDARD_LIBRARIES = YES;
				BUNDLE_LOADER = "$(TEST_HOST)";
				CODE_SIGN_STYLE = Automatic;
				CURRENT_PROJECT_VERSION = 1;
				DEVELOPMENT_TEAM = MXX3777WL6;
				GENERATE_INFOPLIST_FILE = YES;
				IPHONEOS_DEPLOYMENT_TARGET = 16.1;
				MARKETING_VERSION = 1.0;
				PRODUCT_BUNDLE_IDENTIFIER = txxxr.TestForGitTests;
				PRODUCT_NAME = "$(TARGET_NAME)";
				SWIFT_EMIT_LOC_STRINGS = NO;
				SWIFT_VERSION = 5.0;
				TARGETED_DEVICE_FAMILY = "1,2";
				TEST_HOST = "$(BUILT_PRODUCTS_DIR)/TestForGit.app/$(BUNDLE_EXECUTABLE_FOLDER_PATH)/TestForGit";
			};
			name = Debug;
		};
		370ADB4329433A7900EBD721 /* Release */ = {
			isa = XCBuildConfiguration;
			buildSettings = {
				ALWAYS_EMBED_SWIFT_STANDARD_LIBRARIES = YES;
				BUNDLE_LOADER = "$(TEST_HOST)";
				CODE_SIGN_STYLE = Automatic;
				CURRENT_PROJECT_VERSION = 1;
				DEVELOPMENT_TEAM = MXX3777WL6;
				GENERATE_INFOPLIST_FILE = YES;
				IPHONEOS_DEPLOYMENT_TARGET = 16.1;
				MARKETING_VERSION = 1.0;
				PRODUCT_BUNDLE_IDENTIFIER = txxxr.TestForGitTests;
				PRODUCT_NAME = "$(TARGET_NAME)";
				SWIFT_EMIT_LOC_STRINGS = NO;
				SWIFT_VERSION = 5.0;
				TARGETED_DEVICE_FAMILY = "1,2";
				TEST_HOST = "$(BUILT_PRODUCTS_DIR)/TestForGit.app/$(BUNDLE_EXECUTABLE_FOLDER_PATH)/TestForGit";
			};
			name = Release;
		};
		370ADB4529433A7900EBD721 /* Debug */ = {
			isa = XCBuildConfiguration;
			buildSettings = {
				ALWAYS_EMBED_SWIFT_STANDARD_LIBRARIES = YES;
				CODE_SIGN_STYLE = Automatic;
				CURRENT_PROJECT_VERSION = 1;
				DEVELOPMENT_TEAM = MXX3777WL6;
				GENERATE_INFOPLIST_FILE = YES;
				MARKETING_VERSION = 1.0;
				PRODUCT_BUNDLE_IDENTIFIER = txxxr.TestForGitUITests;
				PRODUCT_NAME = "$(TARGET_NAME)";
				SWIFT_EMIT_LOC_STRINGS = NO;
				SWIFT_VERSION = 5.0;
				TARGETED_DEVICE_FAMILY = "1,2";
				TEST_TARGET_NAME = TestForGit;
			};
			name = Debug;
		};
		370ADB4629433A7900EBD721 /* Release */ = {
			isa = XCBuildConfiguration;
			buildSettings = {
				ALWAYS_EMBED_SWIFT_STANDARD_LIBRARIES = YES;
				CODE_SIGN_STYLE = Automatic;
				CURRENT_PROJECT_VERSION = 1;
				DEVELOPMENT_TEAM = MXX3777WL6;
				GENERATE_INFOPLIST_FILE = YES;
				MARKETING_VERSION = 1.0;
				PRODUCT_BUNDLE_IDENTIFIER = txxxr.TestForGitUITests;
				PRODUCT_NAME = "$(TARGET_NAME)";
				SWIFT_EMIT_LOC_STRINGS = NO;
				SWIFT_VERSION = 5.0;
				TARGETED_DEVICE_FAMILY = "1,2";
				TEST_TARGET_NAME = TestForGit;
			};
			name = Release;
		};
/* End XCBuildConfiguration section */

/* Begin XCConfigurationList section */
		370ADB1529433A7700EBD721 /* Build configuration list for PBXProject "TestForGit" */ = {
			isa = XCConfigurationList;
			buildConfigurations = (
				370ADB3C29433A7900EBD721 /* Debug */,
				370ADB3D29433A7900EBD721 /* Release */,
			);
			defaultConfigurationIsVisible = 0;
			defaultConfigurationName = Release;
		};
		370ADB3E29433A7900EBD721 /* Build configuration list for PBXNativeTarget "TestForGit" */ = {
			isa = XCConfigurationList;
			buildConfigurations = (
				370ADB3F29433A7900EBD721 /* Debug */,
				370ADB4029433A7900EBD721 /* Release */,
			);
			defaultConfigurationIsVisible = 0;
			defaultConfigurationName = Release;
		};
		370ADB4129433A7900EBD721 /* Build configuration list for PBXNativeTarget "TestForGitTests" */ = {
			isa = XCConfigurationList;
			buildConfigurations = (
				370ADB4229433A7900EBD721 /* Debug */,
				370ADB4329433A7900EBD721 /* Release */,
			);
			defaultConfigurationIsVisible = 0;
			defaultConfigurationName = Release;
		};
		370ADB4429433A7900EBD721 /* Build configuration list for PBXNativeTarget "TestForGitUITests" */ = {
			isa = XCConfigurationList;
			buildConfigurations = (
				370ADB4529433A7900EBD721 /* Debug */,
				370ADB4629433A7900EBD721 /* Release */,
			);
			defaultConfigurationIsVisible = 0;
			defaultConfigurationName = Release;
		};
/* End XCConfigurationList section */
	};
	rootObject = 370ADB1229433A7700EBD721 /* Project object */;
}
